
Microsoft Visual Studio Solution File, Format Version 12.00
# Visual Studio Version 17
VisualStudioVersion = 17.14.37111.16 d17.14
MinimumVisualStudioVersion = 10.0.40219.1
Project("{FAE04EC0-301F-11D3-BF4B-00C04F79EFBC}") = "SIGEVA_API", "SIGEVA_API\SIGEVA_API.csproj", "{318FC4A8-1973-4667-A085-D460240AC3E2}"
EndProject
Project("{FAE04EC0-301F-11D3-BF4B-00C04F79EFBC}") = "SIGEVA_Web", "SIGEVA_Web\SIGEVA_Web.csproj", "{0E00A6EE-E650-474D-8AE5-C6AF6073B629}"
EndProject
Global
	GlobalSection(SolutionConfigurationPlatforms) = preSolution
		Debug|Any CPU = Debug|Any CPU
		Release|Any CPU = Release|Any CPU
	EndGlobalSection
	GlobalSection(ProjectConfigurationPlatforms) = postSolution
		{318FC4A8-1973-4667-A085-D460240AC3E2}.Debug|Any CPU.ActiveCfg = Debug|Any CPU
		{318FC4A8-1973-4667-A085-D460240AC3E2}.Debug|Any CPU.Build.0 = Debug|Any CPU
		{318FC4A8-1973-4667-A085-D460240AC3E2}.Release|Any CPU.ActiveCfg = Release|Any CPU
		{318FC4A8-1973-4667-A085-D460240AC3E2}.Release|Any CPU.Build.0 = Release|Any CPU
		{0E00A6EE-E650-474D-8AE5-C6AF6073B629}.Debug|Any CPU.ActiveCfg = Debug|Any CPU
		{0E00A6EE-E650-474D-8AE5-C6AF6073B629}.Debug|Any CPU.Build.0 = Debug|Any CPU
		{0E00A6EE-E650-474D-8AE5-C6AF6073B629}.Release|Any CPU.ActiveCfg = Release|Any CPU
		{0E00A6EE-E650-474D-8AE5-C6AF6073B629}.Release|Any CPU.Build.0 = Release|Any CPU
	EndGlobalSection
	GlobalSection(SolutionProperties) = preSolution
		HideSolutionNode = FALSE
	EndGlobalSection
	GlobalSection(ExtensibilityGlobals) = postSolution
		SolutionGuid = {63E9FDDD-D655-4C8F-B991-C6EB770826BC}
	EndGlobalSection
EndGlobal
